
Microsoft Visual Studio Solution File, Format Version 12.00
# Visual Studio Version 17
VisualStudioVersion = 17.11.35327.3
MinimumVisualStudioVersion = 10.0.40219.1
Project("{FAE04EC0-301F-11D3-BF4B-00C04F79EFBC}") = "FancyControls", "FancyControls\FancyControls.csproj", "{2B9D702A-7F18-440A-9DFC-D15A527FAC0E}"
EndProject
Project("{FAE04EC0-301F-11D3-BF4B-00C04F79EFBC}") = "FancyControl.App", "FancyControl.App\FancyControl.App.csproj", "{133E495D-6ACC-441F-B693-D86CD770767B}"
EndProject
Global
	GlobalSection(SolutionConfigurationPlatforms) = preSolution
		Debug|Any CPU = Debug|Any CPU
		Release|Any CPU = Release|Any CPU
	EndGlobalSection
	GlobalSection(ProjectConfigurationPlatforms) = postSolution
		{2B9D702A-7F18-440A-9DFC-D15A527FAC0E}.Debug|Any CPU.ActiveCfg = Debug|Any CPU
		{2B9D702A-7F18-440A-9DFC-D15A527FAC0E}.Debug|Any CPU.Build.0 = Debug|Any CPU
		{2B9D702A-7F18-440A-9DFC-D15A527FAC0E}.Release|Any CPU.ActiveCfg = Release|Any CPU
		{2B9D702A-7F18-440A-9DFC-D15A527FAC0E}.Release|Any CPU.Build.0 = Release|Any CPU
		{133E495D-6ACC-441F-B693-D86CD770767B}.Debug|Any CPU.ActiveCfg = Debug|Any CPU
		{133E495D-6ACC-441F-B693-D86CD770767B}.Debug|Any CPU.Build.0 = Debug|Any CPU
		{133E495D-6ACC-441F-B693-D86CD770767B}.Release|Any CPU.ActiveCfg = Release|Any CPU
		{133E495D-6ACC-441F-B693-D86CD770767B}.Release|Any CPU.Build.0 = Release|Any CPU
	EndGlobalSection
	GlobalSection(SolutionProperties) = preSolution
		HideSolutionNode = FALSE
	EndGlobalSection
	GlobalSection(ExtensibilityGlobals) = postSolution
		SolutionGuid = {36108A39-762B-475C-A6E8-CFFBF723FB4A}
	EndGlobalSection
EndGlobal
